
Microsoft Visual Studio Solution File, Format Version 12.00
# Visual Studio 15
VisualStudioVersion = 15.0.27703.2042
MinimumVisualStudioVersion = 10.0.40219.1
Project("{2150E333-8FDC-42A3-9474-1A3956D46DE8}") = "Item 01 serializacao", "Item 01 serializacao", "{DD467373-BF0D-4BDD-9AEF-01F2A2241686}"
EndProject
Project("{2150E333-8FDC-42A3-9474-1A3956D46DE8}") = "Item 02 colecoes", "Item 02 colecoes", "{AF715DF9-49AD-4C7D-B28D-5178530C0299}"
EndProject
Project("{2150E333-8FDC-42A3-9474-1A3956D46DE8}") = "01.03 binaria", "01.03 binaria", "{02570EE9-A80C-4B20-8E6D-FA11D9D9770D}"
EndProject
Project("{2150E333-8FDC-42A3-9474-1A3956D46DE8}") = "01.05 personalizada", "01.05 personalizada", "{1A6B4B2E-A6EE-4E3F-9FDA-954E52EA3F48}"
EndProject
Project("{2150E333-8FDC-42A3-9474-1A3956D46DE8}") = "01.01 xml", "01.01 xml", "{F83DBB59-72E9-4E77-B4D6-C8644198FAF6}"
EndProject
Project("{2150E333-8FDC-42A3-9474-1A3956D46DE8}") = "01.02 json", "01.02 json", "{B2CDE0CE-99AF-4F85-85F3-9BB3CB3590F6}"
EndProject
Project("{2150E333-8FDC-42A3-9474-1A3956D46DE8}") = "01.04 contrato", "01.04 contrato", "{524688AC-D4EA-4578-B1B3-3AF7D33C5E90}"
EndProject
Project("{2150E333-8FDC-42A3-9474-1A3956D46DE8}") = "02.03 dicionarios", "02.03 dicionarios", "{E67CCB24-7E99-4213-BC1A-17011C5FF954}"
EndProject
Project("{2150E333-8FDC-42A3-9474-1A3956D46DE8}") = "02.01 matrizes", "02.01 matrizes", "{B526B5C7-7E62-4193-BDAB-C248B04F19FD}"
EndProject
Project("{2150E333-8FDC-42A3-9474-1A3956D46DE8}") = "02.02 listas", "02.02 listas", "{BAF2DF73-7479-463E-BD5A-71576D87BC15}"
EndProject
Project("{2150E333-8FDC-42A3-9474-1A3956D46DE8}") = "02.04 conjuntos", "02.04 conjuntos", "{8E84FA7E-2744-4733-AD1C-3F5FA1BE9858}"
EndProject
Project("{2150E333-8FDC-42A3-9474-1A3956D46DE8}") = "02.05 filas", "02.05 filas", "{7AB10419-3DEC-496E-84F4-C69F2728F8FF}"
EndProject
Project("{2150E333-8FDC-42A3-9474-1A3956D46DE8}") = "02.06 escolher tipos", "02.06 escolher tipos", "{C5D8FA87-8678-4DCF-A94B-AA7EB226AC7D}"
EndProject
Project("{2150E333-8FDC-42A3-9474-1A3956D46DE8}") = "02.07 inicializar", "02.07 inicializar", "{B9A92C4D-2172-4703-8CA8-427322B0C2FC}"
EndProject
Project("{2150E333-8FDC-42A3-9474-1A3956D46DE8}") = "02.08 adicionar e remover", "02.08 adicionar e remover", "{09171023-38B0-4ACA-AFF6-4F01AAEB4074}"
EndProject
Project("{2150E333-8FDC-42A3-9474-1A3956D46DE8}") = "02.09 tipificadas", "02.09 tipificadas", "{33519894-66D1-45E7-B607-14907DF4F772}"
EndProject
Project("{2150E333-8FDC-42A3-9474-1A3956D46DE8}") = "02.10 personalizadas", "02.10 personalizadas", "{EE7C7DF5-F5AA-4C1B-8C60-FB60007CCE0A}"
EndProject
Project("{2150E333-8FDC-42A3-9474-1A3956D46DE8}") = "02.11 interfaces", "02.11 interfaces", "{A54CA4AC-FB15-4629-AFF2-EA95FBD03D1B}"
EndProject
Project("{9A19103F-16F7-4668-BE54-9A1E7A4F7556}") = "02.06", "02.06\02.06.csproj", "{2785DB31-7E21-49D8-89C7-4398205B57E4}"
EndProject
Project("{9A19103F-16F7-4668-BE54-9A1E7A4F7556}") = "02.04", "02.04\02.04.csproj", "{4A302004-FBFB-4AD1-98EA-4F0C0998AEEE}"
EndProject
Project("{9A19103F-16F7-4668-BE54-9A1E7A4F7556}") = "02.05", "02.05\02.05.csproj", "{4C5BBFCE-D40B-41EA-9638-5237BEA727FC}"
EndProject
Project("{9A19103F-16F7-4668-BE54-9A1E7A4F7556}") = "01.01", "01.01\01.01.csproj", "{D5E33B12-9403-4F5D-B2A3-2AA9AF39B795}"
EndProject
Project("{FAE04EC0-301F-11D3-BF4B-00C04F79EFBC}") = "01.02", "01.02\01.02.csproj", "{A615278B-5817-42A1-AC9F-2E6619D28A91}"
EndProject
Project("{9A19103F-16F7-4668-BE54-9A1E7A4F7556}") = "01.03", "01.03\01.03.csproj", "{EFDC3D84-68EF-493C-BE2C-6FAC37D38533}"
EndProject
Project("{9A19103F-16F7-4668-BE54-9A1E7A4F7556}") = "01.04", "01.04\01.04.csproj", "{CF76CC81-2F4A-497B-A7B1-91AED7CA395D}"
EndProject
Project("{9A19103F-16F7-4668-BE54-9A1E7A4F7556}") = "01.05", "01.05\01.05.csproj", "{E34D837C-ADDB-43E0-8F22-F871C4D5C408}"
EndProject
Project("{9A19103F-16F7-4668-BE54-9A1E7A4F7556}") = "02.01", "02.01\02.01.csproj", "{A570BC86-F54D-49A3-A4C8-E27BE2B9114E}"
EndProject
Project("{9A19103F-16F7-4668-BE54-9A1E7A4F7556}") = "02.02", "02.02\02.02.csproj", "{9CAE7154-7321-435D-AD80-8746BDA9AA6D}"
EndProject
Project("{9A19103F-16F7-4668-BE54-9A1E7A4F7556}") = "02.03", "02.03\02.03.csproj", "{D38884AC-265B-4CAC-8CAA-0C69C8AE22CC}"
EndProject
Global
	GlobalSection(SolutionConfigurationPlatforms) = preSolution
		Debug|Any CPU = Debug|Any CPU
		Release|Any CPU = Release|Any CPU
	EndGlobalSection
	GlobalSection(ProjectConfigurationPlatforms) = postSolution
		{2785DB31-7E21-49D8-89C7-4398205B57E4}.Debug|Any CPU.ActiveCfg = Debug|Any CPU
		{2785DB31-7E21-49D8-89C7-4398205B57E4}.Debug|Any CPU.Build.0 = Debug|Any CPU
		{2785DB31-7E21-49D8-89C7-4398205B57E4}.Release|Any CPU.ActiveCfg = Release|Any CPU
		{2785DB31-7E21-49D8-89C7-4398205B57E4}.Release|Any CPU.Build.0 = Release|Any CPU
		{4A302004-FBFB-4AD1-98EA-4F0C0998AEEE}.Debug|Any CPU.ActiveCfg = Debug|Any CPU
		{4A302004-FBFB-4AD1-98EA-4F0C0998AEEE}.Debug|Any CPU.Build.0 = Debug|Any CPU
		{4A302004-FBFB-4AD1-98EA-4F0C0998AEEE}.Release|Any CPU.ActiveCfg = Release|Any CPU
		{4A302004-FBFB-4AD1-98EA-4F0C0998AEEE}.Release|Any CPU.Build.0 = Release|Any CPU
		{4C5BBFCE-D40B-41EA-9638-5237BEA727FC}.Debug|Any CPU.ActiveCfg = Debug|Any CPU
		{4C5BBFCE-D40B-41EA-9638-5237BEA727FC}.Debug|Any CPU.Build.0 = Debug|Any CPU
		{4C5BBFCE-D40B-41EA-9638-5237BEA727FC}.Release|Any CPU.ActiveCfg = Release|Any CPU
		{4C5BBFCE-D40B-41EA-9638-5237BEA727FC}.Release|Any CPU.Build.0 = Release|Any CPU
		{D5E33B12-9403-4F5D-B2A3-2AA9AF39B795}.Debug|Any CPU.ActiveCfg = Debug|Any CPU
		{D5E33B12-9403-4F5D-B2A3-2AA9AF39B795}.Debug|Any CPU.Build.0 = Debug|Any CPU
		{D5E33B12-9403-4F5D-B2A3-2AA9AF39B795}.Release|Any CPU.ActiveCfg = Release|Any CPU
		{D5E33B12-9403-4F5D-B2A3-2AA9AF39B795}.Release|Any CPU.Build.0 = Release|Any CPU
		{A615278B-5817-42A1-AC9F-2E6619D28A91}.Debug|Any CPU.ActiveCfg = Debug|Any CPU
		{A615278B-5817-42A1-AC9F-2E6619D28A91}.Debug|Any CPU.Build.0 = Debug|Any CPU
		{A615278B-5817-42A1-AC9F-2E6619D28A91}.Release|Any CPU.ActiveCfg = Release|Any CPU
		{A615278B-5817-42A1-AC9F-2E6619D28A91}.Release|Any CPU.Build.0 = Release|Any CPU
		{EFDC3D84-68EF-493C-BE2C-6FAC37D38533}.Debug|Any CPU.ActiveCfg = Debug|Any CPU
		{EFDC3D84-68EF-493C-BE2C-6FAC37D38533}.Debug|Any CPU.Build.0 = Debug|Any CPU
		{EFDC3D84-68EF-493C-BE2C-6FAC37D38533}.Release|Any CPU.ActiveCfg = Release|Any CPU
		{EFDC3D84-68EF-493C-BE2C-6FAC37D38533}.Release|Any CPU.Build.0 = Release|Any CPU
		{CF76CC81-2F4A-497B-A7B1-91AED7CA395D}.Debug|Any CPU.ActiveCfg = Debug|Any CPU
		{CF76CC81-2F4A-497B-A7B1-91AED7CA395D}.Debug|Any CPU.Build.0 = Debug|Any CPU
		{CF76CC81-2F4A-497B-A7B1-91AED7CA395D}.Release|Any CPU.ActiveCfg = Release|Any CPU
		{CF76CC81-2F4A-497B-A7B1-91AED7CA395D}.Release|Any CPU.Build.0 = Release|Any CPU
		{E34D837C-ADDB-43E0-8F22-F871C4D5C408}.Debug|Any CPU.ActiveCfg = Debug|Any CPU
		{E34D837C-ADDB-43E0-8F22-F871C4D5C408}.Debug|Any CPU.Build.0 = Debug|Any CPU
		{E34D837C-ADDB-43E0-8F22-F871C4D5C408}.Release|Any CPU.ActiveCfg = Release|Any CPU
		{E34D837C-ADDB-43E0-8F22-F871C4D5C408}.Release|Any CPU.Build.0 = Release|Any CPU
		{A570BC86-F54D-49A3-A4C8-E27BE2B9114E}.Debug|Any CPU.ActiveCfg = Debug|Any CPU
		{A570BC86-F54D-49A3-A4C8-E27BE2B9114E}.Debug|Any CPU.Build.0 = Debug|Any CPU
		{A570BC86-F54D-49A3-A4C8-E27BE2B9114E}.Release|Any CPU.ActiveCfg = Release|Any CPU
		{A570BC86-F54D-49A3-A4C8-E27BE2B9114E}.Release|Any CPU.Build.0 = Release|Any CPU
		{9CAE7154-7321-435D-AD80-8746BDA9AA6D}.Debug|Any CPU.ActiveCfg = Debug|Any CPU
		{9CAE7154-7321-435D-AD80-8746BDA9AA6D}.Debug|Any CPU.Build.0 = Debug|Any CPU
		{9CAE7154-7321-435D-AD80-8746BDA9AA6D}.Release|Any CPU.ActiveCfg = Release|Any CPU
		{9CAE7154-7321-435D-AD80-8746BDA9AA6D}.Release|Any CPU.Build.0 = Release|Any CPU
		{D38884AC-265B-4CAC-8CAA-0C69C8AE22CC}.Debug|Any CPU.ActiveCfg = Debug|Any CPU
		{D38884AC-265B-4CAC-8CAA-0C69C8AE22CC}.Debug|Any CPU.Build.0 = Debug|Any CPU
		{D38884AC-265B-4CAC-8CAA-0C69C8AE22CC}.Release|Any CPU.ActiveCfg = Release|Any CPU
		{D38884AC-265B-4CAC-8CAA-0C69C8AE22CC}.Release|Any CPU.Build.0 = Release|Any CPU
	EndGlobalSection
	GlobalSection(SolutionProperties) = preSolution
		HideSolutionNode = FALSE
	EndGlobalSection
	GlobalSection(NestedProjects) = preSolution
		{02570EE9-A80C-4B20-8E6D-FA11D9D9770D} = {DD467373-BF0D-4BDD-9AEF-01F2A2241686}
		{1A6B4B2E-A6EE-4E3F-9FDA-954E52EA3F48} = {DD467373-BF0D-4BDD-9AEF-01F2A2241686}
		{F83DBB59-72E9-4E77-B4D6-C8644198FAF6} = {DD467373-BF0D-4BDD-9AEF-01F2A2241686}
		{B2CDE0CE-99AF-4F85-85F3-9BB3CB3590F6} = {DD467373-BF0D-4BDD-9AEF-01F2A2241686}
		{524688AC-D4EA-4578-B1B3-3AF7D33C5E90} = {DD467373-BF0D-4BDD-9AEF-01F2A2241686}
		{E67CCB24-7E99-4213-BC1A-17011C5FF954} = {AF715DF9-49AD-4C7D-B28D-5178530C0299}
		{B526B5C7-7E62-4193-BDAB-C248B04F19FD} = {AF715DF9-49AD-4C7D-B28D-5178530C0299}
		{BAF2DF73-7479-463E-BD5A-71576D87BC15} = {AF715DF9-49AD-4C7D-B28D-5178530C0299}
		{8E84FA7E-2744-4733-AD1C-3F5FA1BE9858} = {AF715DF9-49AD-4C7D-B28D-5178530C0299}
		{7AB10419-3DEC-496E-84F4-C69F2728F8FF} = {AF715DF9-49AD-4C7D-B28D-5178530C0299}
		{C5D8FA87-8678-4DCF-A94B-AA7EB226AC7D} = {AF715DF9-49AD-4C7D-B28D-5178530C0299}
		{B9A92C4D-2172-4703-8CA8-427322B0C2FC} = {AF715DF9-49AD-4C7D-B28D-5178530C0299}
		{09171023-38B0-4ACA-AFF6-4F01AAEB4074} = {AF715DF9-49AD-4C7D-B28D-5178530C0299}
		{33519894-66D1-45E7-B607-14907DF4F772} = {AF715DF9-49AD-4C7D-B28D-5178530C0299}
		{EE7C7DF5-F5AA-4C1B-8C60-FB60007CCE0A} = {AF715DF9-49AD-4C7D-B28D-5178530C0299}
		{A54CA4AC-FB15-4629-AFF2-EA95FBD03D1B} = {AF715DF9-49AD-4C7D-B28D-5178530C0299}
		{2785DB31-7E21-49D8-89C7-4398205B57E4} = {C5D8FA87-8678-4DCF-A94B-AA7EB226AC7D}
		{4A302004-FBFB-4AD1-98EA-4F0C0998AEEE} = {8E84FA7E-2744-4733-AD1C-3F5FA1BE9858}
		{4C5BBFCE-D40B-41EA-9638-5237BEA727FC} = {7AB10419-3DEC-496E-84F4-C69F2728F8FF}
		{D5E33B12-9403-4F5D-B2A3-2AA9AF39B795} = {F83DBB59-72E9-4E77-B4D6-C8644198FAF6}
		{A615278B-5817-42A1-AC9F-2E6619D28A91} = {B2CDE0CE-99AF-4F85-85F3-9BB3CB3590F6}
		{EFDC3D84-68EF-493C-BE2C-6FAC37D38533} = {02570EE9-A80C-4B20-8E6D-FA11D9D9770D}
		{CF76CC81-2F4A-497B-A7B1-91AED7CA395D} = {524688AC-D4EA-4578-B1B3-3AF7D33C5E90}
		{E34D837C-ADDB-43E0-8F22-F871C4D5C408} = {1A6B4B2E-A6EE-4E3F-9FDA-954E52EA3F48}
		{A570BC86-F54D-49A3-A4C8-E27BE2B9114E} = {B526B5C7-7E62-4193-BDAB-C248B04F19FD}
		{9CAE7154-7321-435D-AD80-8746BDA9AA6D} = {BAF2DF73-7479-463E-BD5A-71576D87BC15}
		{D38884AC-265B-4CAC-8CAA-0C69C8AE22CC} = {E67CCB24-7E99-4213-BC1A-17011C5FF954}
	EndGlobalSection
	GlobalSection(ExtensibilityGlobals) = postSolution
		SolutionGuid = {CB746614-5028-424F-BE2D-071CEC5200A3}
	EndGlobalSection
EndGlobal
